
Microsoft Visual Studio Solution File, Format Version 12.00
# Visual Studio Version 17
VisualStudioVersion = 17.4.33213.308
MinimumVisualStudioVersion = 10.0.40219.1
Project("{2150E333-8FDC-42A3-9474-1A3956D46DE8}") = "src", "src", "{059A6D06-EA5E-4143-9369-62B2699E2C2F}"
EndProject
Project("{2150E333-8FDC-42A3-9474-1A3956D46DE8}") = "Apis", "Apis", "{2E7003A2-5F17-43A4-96BA-759B958B4C03}"
EndProject
Project("{FAE04EC0-301F-11D3-BF4B-00C04F79EFBC}") = "Identity.Api", "Identity.Api\Identity.Api.csproj", "{3B0D7820-282D-48B9-9EEB-16E3F265ED6E}"
EndProject
Project("{FAE04EC0-301F-11D3-BF4B-00C04F79EFBC}") = "Admin.Api", "Admin.Api\Admin.Api.csproj", "{CEB15561-2309-4995-A492-18AA0E321952}"
EndProject
Project("{FAE04EC0-301F-11D3-BF4B-00C04F79EFBC}") = "Application", "Application\Application.csproj", "{8F8C9196-FD4D-4BB5-BDC0-35AE0D33ABBD}"
EndProject
Project("{FAE04EC0-301F-11D3-BF4B-00C04F79EFBC}") = "DI", "DI\DI.csproj", "{EB54036C-F8D9-442E-BB86-9CF402ADB472}"
EndProject
Project("{FAE04EC0-301F-11D3-BF4B-00C04F79EFBC}") = "Domain", "Domain\Domain.csproj", "{FBEAE252-7362-4ADE-BCCC-4F310B141C27}"
EndProject
Project("{FAE04EC0-301F-11D3-BF4B-00C04F79EFBC}") = "Infrastructure", "Infrastructure\Infrastructure.csproj", "{CBFF9A15-3531-4551-86C5-48DD0428E5CE}"
EndProject
Project("{FAE04EC0-301F-11D3-BF4B-00C04F79EFBC}") = "Shared", "Shared\Shared.csproj", "{4E02D57E-81A0-48ED-83F6-BA7F1CE2B868}"
EndProject
Global
	GlobalSection(SolutionConfigurationPlatforms) = preSolution
		Debug|Any CPU = Debug|Any CPU
		Release|Any CPU = Release|Any CPU
	EndGlobalSection
	GlobalSection(ProjectConfigurationPlatforms) = postSolution
		{3B0D7820-282D-48B9-9EEB-16E3F265ED6E}.Debug|Any CPU.ActiveCfg = Debug|Any CPU
		{3B0D7820-282D-48B9-9EEB-16E3F265ED6E}.Debug|Any CPU.Build.0 = Debug|Any CPU
		{3B0D7820-282D-48B9-9EEB-16E3F265ED6E}.Release|Any CPU.ActiveCfg = Release|Any CPU
		{3B0D7820-282D-48B9-9EEB-16E3F265ED6E}.Release|Any CPU.Build.0 = Release|Any CPU
		{CEB15561-2309-4995-A492-18AA0E321952}.Debug|Any CPU.ActiveCfg = Debug|Any CPU
		{CEB15561-2309-4995-A492-18AA0E321952}.Debug|Any CPU.Build.0 = Debug|Any CPU
		{CEB15561-2309-4995-A492-18AA0E321952}.Release|Any CPU.ActiveCfg = Release|Any CPU
		{CEB15561-2309-4995-A492-18AA0E321952}.Release|Any CPU.Build.0 = Release|Any CPU
		{8F8C9196-FD4D-4BB5-BDC0-35AE0D33ABBD}.Debug|Any CPU.ActiveCfg = Debug|Any CPU
		{8F8C9196-FD4D-4BB5-BDC0-35AE0D33ABBD}.Debug|Any CPU.Build.0 = Debug|Any CPU
		{8F8C9196-FD4D-4BB5-BDC0-35AE0D33ABBD}.Release|Any CPU.ActiveCfg = Release|Any CPU
		{8F8C9196-FD4D-4BB5-BDC0-35AE0D33ABBD}.Release|Any CPU.Build.0 = Release|Any CPU
		{EB54036C-F8D9-442E-BB86-9CF402ADB472}.Debug|Any CPU.ActiveCfg = Debug|Any CPU
		{EB54036C-F8D9-442E-BB86-9CF402ADB472}.Debug|Any CPU.Build.0 = Debug|Any CPU
		{EB54036C-F8D9-442E-BB86-9CF402ADB472}.Release|Any CPU.ActiveCfg = Release|Any CPU
		{EB54036C-F8D9-442E-BB86-9CF402ADB472}.Release|Any CPU.Build.0 = Release|Any CPU
		{FBEAE252-7362-4ADE-BCCC-4F310B141C27}.Debug|Any CPU.ActiveCfg = Debug|Any CPU
		{FBEAE252-7362-4ADE-BCCC-4F310B141C27}.Debug|Any CPU.Build.0 = Debug|Any CPU
		{FBEAE252-7362-4ADE-BCCC-4F310B141C27}.Release|Any CPU.ActiveCfg = Release|Any CPU
		{FBEAE252-7362-4ADE-BCCC-4F310B141C27}.Release|Any CPU.Build.0 = Release|Any CPU
		{CBFF9A15-3531-4551-86C5-48DD0428E5CE}.Debug|Any CPU.ActiveCfg = Debug|Any CPU
		{CBFF9A15-3531-4551-86C5-48DD0428E5CE}.Debug|Any CPU.Build.0 = Debug|Any CPU
		{CBFF9A15-3531-4551-86C5-48DD0428E5CE}.Release|Any CPU.ActiveCfg = Release|Any CPU
		{CBFF9A15-3531-4551-86C5-48DD0428E5CE}.Release|Any CPU.Build.0 = Release|Any CPU
		{4E02D57E-81A0-48ED-83F6-BA7F1CE2B868}.Debug|Any CPU.ActiveCfg = Debug|Any CPU
		{4E02D57E-81A0-48ED-83F6-BA7F1CE2B868}.Debug|Any CPU.Build.0 = Debug|Any CPU
		{4E02D57E-81A0-48ED-83F6-BA7F1CE2B868}.Release|Any CPU.ActiveCfg = Release|Any CPU
		{4E02D57E-81A0-48ED-83F6-BA7F1CE2B868}.Release|Any CPU.Build.0 = Release|Any CPU
	EndGlobalSection
	GlobalSection(SolutionProperties) = preSolution
		HideSolutionNode = FALSE
	EndGlobalSection
	GlobalSection(NestedProjects) = preSolution
		{2E7003A2-5F17-43A4-96BA-759B958B4C03} = {059A6D06-EA5E-4143-9369-62B2699E2C2F}
		{3B0D7820-282D-48B9-9EEB-16E3F265ED6E} = {2E7003A2-5F17-43A4-96BA-759B958B4C03}
		{CEB15561-2309-4995-A492-18AA0E321952} = {2E7003A2-5F17-43A4-96BA-759B958B4C03}
		{8F8C9196-FD4D-4BB5-BDC0-35AE0D33ABBD} = {059A6D06-EA5E-4143-9369-62B2699E2C2F}
		{EB54036C-F8D9-442E-BB86-9CF402ADB472} = {059A6D06-EA5E-4143-9369-62B2699E2C2F}
		{FBEAE252-7362-4ADE-BCCC-4F310B141C27} = {059A6D06-EA5E-4143-9369-62B2699E2C2F}
		{CBFF9A15-3531-4551-86C5-48DD0428E5CE} = {059A6D06-EA5E-4143-9369-62B2699E2C2F}
		{4E02D57E-81A0-48ED-83F6-BA7F1CE2B868} = {059A6D06-EA5E-4143-9369-62B2699E2C2F}
	EndGlobalSection
	GlobalSection(ExtensibilityGlobals) = postSolution
		SolutionGuid = {7472D0BD-E745-4B05-B932-D4C1D5C0D65C}
	EndGlobalSection
EndGlobal
